
Microsoft Visual Studio Solution File, Format Version 12.00
# Visual Studio Version 17
VisualStudioVersion = 17.8.34330.188
MinimumVisualStudioVersion = 10.0.40219.1
Project("{FAE04EC0-301F-11D3-BF4B-00C04F79EFBC}") = "WebNet3", "WebNet3.csproj", "{482E123E-F1DC-4C5A-AA4B-26832BB99777}"
EndProject
Global
	GlobalSection(SolutionConfigurationPlatforms) = preSolution
		Debug|Any CPU = Debug|Any CPU
		Release|Any CPU = Release|Any CPU
	EndGlobalSection
	GlobalSection(ProjectConfigurationPlatforms) = postSolution
		{482E123E-F1DC-4C5A-AA4B-26832BB99777}.Debug|Any CPU.ActiveCfg = Debug|Any CPU
		{482E123E-F1DC-4C5A-AA4B-26832BB99777}.Debug|Any CPU.Build.0 = Debug|Any CPU
		{482E123E-F1DC-4C5A-AA4B-26832BB99777}.Release|Any CPU.ActiveCfg = Release|Any CPU
		{482E123E-F1DC-4C5A-AA4B-26832BB99777}.Release|Any CPU.Build.0 = Release|Any CPU
	EndGlobalSection
	GlobalSection(SolutionProperties) = preSolution
		HideSolutionNode = FALSE
	EndGlobalSection
	GlobalSection(ExtensibilityGlobals) = postSolution
		SolutionGuid = {22A1A936-35A9-4CF4-A3CF-9A30736697F9}
	EndGlobalSection
EndGlobal
